
Microsoft Visual Studio Solution File, Format Version 12.00
# Visual Studio Version 17
VisualStudioVersion = 17.10.35013.160
MinimumVisualStudioVersion = 10.0.40219.1
Project("{9A19103F-16F7-4668-BE54-9A1E7A4F7556}") = "ToyRobotSimulator", "ToyRobotSimulator.csproj", "{99A25A71-D3CF-44B5-9224-50FD23275422}"
EndProject
Project("{9A19103F-16F7-4668-BE54-9A1E7A4F7556}") = "ToyRobotSimulator.Tests", "..\ToyRobotSimulator.Tests\ToyRobotSimulator.Tests.csproj", "{123A8B5A-6521-43D3-879C-4065E905FA87}"
EndProject
Project("{2150E333-8FDC-42A3-9474-1A3956D46DE8}") = "Solution Items", "Solution Items", "{E8AEE682-2480-4FB8-949E-28E6D66F06CB}"
	ProjectSection(SolutionItems) = preProject
		..\README.md = ..\README.md
	EndProjectSection
EndProject
Global
	GlobalSection(SolutionConfigurationPlatforms) = preSolution
		Debug|Any CPU = Debug|Any CPU
		Release|Any CPU = Release|Any CPU
	EndGlobalSection
	GlobalSection(ProjectConfigurationPlatforms) = postSolution
		{99A25A71-D3CF-44B5-9224-50FD23275422}.Debug|Any CPU.ActiveCfg = Debug|Any CPU
		{99A25A71-D3CF-44B5-9224-50FD23275422}.Debug|Any CPU.Build.0 = Debug|Any CPU
		{99A25A71-D3CF-44B5-9224-50FD23275422}.Release|Any CPU.ActiveCfg = Release|Any CPU
		{99A25A71-D3CF-44B5-9224-50FD23275422}.Release|Any CPU.Build.0 = Release|Any CPU
		{123A8B5A-6521-43D3-879C-4065E905FA87}.Debug|Any CPU.ActiveCfg = Debug|Any CPU
		{123A8B5A-6521-43D3-879C-4065E905FA87}.Debug|Any CPU.Build.0 = Debug|Any CPU
		{123A8B5A-6521-43D3-879C-4065E905FA87}.Release|Any CPU.ActiveCfg = Release|Any CPU
		{123A8B5A-6521-43D3-879C-4065E905FA87}.Release|Any CPU.Build.0 = Release|Any CPU
	EndGlobalSection
	GlobalSection(SolutionProperties) = preSolution
		HideSolutionNode = FALSE
	EndGlobalSection
	GlobalSection(ExtensibilityGlobals) = postSolution
		SolutionGuid = {318519C8-BC3F-45EC-8AD1-555B34D9BA2C}
	EndGlobalSection
EndGlobal
